// !$*UTF8*$!
{
	archiveVersion = 1;
	classes = {
	};
	objectVersion = 50;
	objects = {

/* Begin PBXBuildFile section */
		6E6827152357BFBA000150BE /* SplitViewController.swift in Sources */ = {isa = PBXBuildFile; fileRef = 6E6827142357BFBA000150BE /* SplitViewController.swift */; };
		6E6827182357D2AF000150BE /* Post.swift in Sources */ = {isa = PBXBuildFile; fileRef = 6E6827172357D2AF000150BE /* Post.swift */; };
		6E68271C2357D3CE000150BE /* PostCell.swift in Sources */ = {isa = PBXBuildFile; fileRef = 6E68271A2357D3CE000150BE /* PostCell.swift */; };
		6E68271D2357D3CE000150BE /* PostCell.xib in Resources */ = {isa = PBXBuildFile; fileRef = 6E68271B2357D3CE000150BE /* PostCell.xib */; };
		6E6827212357D944000150BE /* PostStore.swift in Sources */ = {isa = PBXBuildFile; fileRef = 6E6827202357D944000150BE /* PostStore.swift */; };
		6E6827242358D27A000150BE /* RedditServiceAPI.swift in Sources */ = {isa = PBXBuildFile; fileRef = 6E6827232358D27A000150BE /* RedditServiceAPI.swift */; };
		6E6827262358D566000150BE /* URLSession+Additions.swift in Sources */ = {isa = PBXBuildFile; fileRef = 6E6827252358D566000150BE /* URLSession+Additions.swift */; };
		6E682728235980C7000150BE /* ImageCacheController.swift in Sources */ = {isa = PBXBuildFile; fileRef = 6E682727235980C7000150BE /* ImageCacheController.swift */; };
		6E68272A23598A61000150BE /* Date+Additions.swift in Sources */ = {isa = PBXBuildFile; fileRef = 6E68272923598A61000150BE /* Date+Additions.swift */; };
		6EAB4B6B23578E700054443F /* AppDelegate.swift in Sources */ = {isa = PBXBuildFile; fileRef = 6EAB4B6A23578E700054443F /* AppDelegate.swift */; };
		6EAB4B6F23578E700054443F /* MasterViewController.swift in Sources */ = {isa = PBXBuildFile; fileRef = 6EAB4B6E23578E700054443F /* MasterViewController.swift */; };
		6EAB4B7123578E700054443F /* DetailViewController.swift in Sources */ = {isa = PBXBuildFile; fileRef = 6EAB4B7023578E700054443F /* DetailViewController.swift */; };
		6EAB4B7423578E700054443F /* Main.storyboard in Resources */ = {isa = PBXBuildFile; fileRef = 6EAB4B7223578E700054443F /* Main.storyboard */; };
		6EAB4B7623578E730054443F /* Assets.xcassets in Resources */ = {isa = PBXBuildFile; fileRef = 6EAB4B7523578E730054443F /* Assets.xcassets */; };
		6EAB4B7923578E730054443F /* LaunchScreen.storyboard in Resources */ = {isa = PBXBuildFile; fileRef = 6EAB4B7723578E730054443F /* LaunchScreen.storyboard */; };
/* End PBXBuildFile section */

/* Begin PBXFileReference section */
		6E6827142357BFBA000150BE /* SplitViewController.swift */ = {isa = PBXFileReference; lastKnownFileType = sourcecode.swift; path = SplitViewController.swift; sourceTree = "<group>"; };
		6E6827172357D2AF000150BE /* Post.swift */ = {isa = PBXFileReference; lastKnownFileType = sourcecode.swift; path = Post.swift; sourceTree = "<group>"; };
		6E68271A2357D3CE000150BE /* PostCell.swift */ = {isa = PBXFileReference; lastKnownFileType = sourcecode.swift; path = PostCell.swift; sourceTree = "<group>"; };
		6E68271B2357D3CE000150BE /* PostCell.xib */ = {isa = PBXFileReference; lastKnownFileType = file.xib; path = PostCell.xib; sourceTree = "<group>"; };
		6E6827202357D944000150BE /* PostStore.swift */ = {isa = PBXFileReference; lastKnownFileType = sourcecode.swift; path = PostStore.swift; sourceTree = "<group>"; };
		6E6827232358D27A000150BE /* RedditServiceAPI.swift */ = {isa = PBXFileReference; lastKnownFileType = sourcecode.swift; path = RedditServiceAPI.swift; sourceTree = "<group>"; };
		6E6827252358D566000150BE /* URLSession+Additions.swift */ = {isa = PBXFileReference; lastKnownFileType = sourcecode.swift; path = "URLSession+Additions.swift"; sourceTree = "<group>"; };
		6E682727235980C7000150BE /* ImageCacheController.swift */ = {isa = PBXFileReference; lastKnownFileType = sourcecode.swift; path = ImageCacheController.swift; sourceTree = "<group>"; };
		6E68272923598A61000150BE /* Date+Additions.swift */ = {isa = PBXFileReference; lastKnownFileType = sourcecode.swift; path = "Date+Additions.swift"; sourceTree = "<group>"; };
		6EAB4B6723578E700054443F /* reddit-client.app */ = {isa = PBXFileReference; explicitFileType = wrapper.application; includeInIndex = 0; path = "reddit-client.app"; sourceTree = BUILT_PRODUCTS_DIR; };
		6EAB4B6A23578E700054443F /* AppDelegate.swift */ = {isa = PBXFileReference; lastKnownFileType = sourcecode.swift; path = AppDelegate.swift; sourceTree = "<group>"; };
		6EAB4B6E23578E700054443F /* MasterViewController.swift */ = {isa = PBXFileReference; lastKnownFileType = sourcecode.swift; path = MasterViewController.swift; sourceTree = "<group>"; };
		6EAB4B7023578E700054443F /* DetailViewController.swift */ = {isa = PBXFileReference; lastKnownFileType = sourcecode.swift; path = DetailViewController.swift; sourceTree = "<group>"; };
		6EAB4B7323578E700054443F /* Base */ = {isa = PBXFileReference; lastKnownFileType = file.storyboard; name = Base; path = Base.lproj/Main.storyboard; sourceTree = "<group>"; };
		6EAB4B7523578E730054443F /* Assets.xcassets */ = {isa = PBXFileReference; lastKnownFileType = folder.assetcatalog; path = Assets.xcassets; sourceTree = "<group>"; };
		6EAB4B7823578E730054443F /* Base */ = {isa = PBXFileReference; lastKnownFileType = file.storyboard; name = Base; path = Base.lproj/LaunchScreen.storyboard; sourceTree = "<group>"; };
		6EAB4B7A23578E730054443F /* Info.plist */ = {isa = PBXFileReference; lastKnownFileType = text.plist.xml; path = Info.plist; sourceTree = "<group>"; };
/* End PBXFileReference section */

/* Begin PBXFrameworksBuildPhase section */
		6EAB4B6423578E700054443F /* Frameworks */ = {
			isa = PBXFrameworksBuildPhase;
			buildActionMask = 2147483647;
			files = (
			);
			runOnlyForDeploymentPostprocessing = 0;
		};
/* End PBXFrameworksBuildPhase section */

/* Begin PBXGroup section */
		6E6827162357D2A7000150BE /* Models */ = {
			isa = PBXGroup;
			children = (
				6E6827172357D2AF000150BE /* Post.swift */,
			);
			path = Models;
			sourceTree = "<group>";
		};
		6E6827192357D3AD000150BE /* Views */ = {
			isa = PBXGroup;
			children = (
				6E68271A2357D3CE000150BE /* PostCell.swift */,
				6E68271B2357D3CE000150BE /* PostCell.xib */,
			);
			path = Views;
			sourceTree = "<group>";
		};
		6E6827222358D262000150BE /* Controllers */ = {
			isa = PBXGroup;
			children = (
				6E682727235980C7000150BE /* ImageCacheController.swift */,
				6E6827232358D27A000150BE /* RedditServiceAPI.swift */,
			);
			path = Controllers;
			sourceTree = "<group>";
		};
		6EAB4B5E23578E6F0054443F = {
			isa = PBXGroup;
			children = (
				6EAB4B6923578E700054443F /* reddit-client */,
				6EAB4B6823578E700054443F /* Products */,
			);
			sourceTree = "<group>";
		};
		6EAB4B6823578E700054443F /* Products */ = {
			isa = PBXGroup;
			children = (
				6EAB4B6723578E700054443F /* reddit-client.app */,
			);
			name = Products;
			sourceTree = "<group>";
		};
		6EAB4B6923578E700054443F /* reddit-client */ = {
			isa = PBXGroup;
			children = (
				6EAB4B6A23578E700054443F /* AppDelegate.swift */,
				6E6827222358D262000150BE /* Controllers */,
				6EAB4B802357A7520054443F /* Extensions */,
				6E6827162357D2A7000150BE /* Models */,
				6EAB4B832357A7650054443F /* Resources */,
				6EAB4B842357A76B0054443F /* Stores */,
				6EAB4B822357A7610054443F /* Storyboards */,
				6EAB4B812357A7560054443F /* View Controllers */,
				6E6827192357D3AD000150BE /* Views */,
			);
			path = "reddit-client";
			sourceTree = "<group>";
		};
		6EAB4B802357A7520054443F /* Extensions */ = {
			isa = PBXGroup;
			children = (
				6E68272923598A61000150BE /* Date+Additions.swift */,
				6E6827252358D566000150BE /* URLSession+Additions.swift */,
			);
			path = Extensions;
			sourceTree = "<group>";
		};
		6EAB4B812357A7560054443F /* View Controllers */ = {
			isa = PBXGroup;
			children = (
				6EAB4B7023578E700054443F /* DetailViewController.swift */,
				6EAB4B6E23578E700054443F /* MasterViewController.swift */,
				6E6827142357BFBA000150BE /* SplitViewController.swift */,
			);
			path = "View Controllers";
			sourceTree = "<group>";
		};
		6EAB4B822357A7610054443F /* Storyboards */ = {
			isa = PBXGroup;
			children = (
				6EAB4B7723578E730054443F /* LaunchScreen.storyboard */,
				6EAB4B7223578E700054443F /* Main.storyboard */,
			);
			path = Storyboards;
			sourceTree = "<group>";
		};
		6EAB4B832357A7650054443F /* Resources */ = {
			isa = PBXGroup;
			children = (
				6EAB4B7523578E730054443F /* Assets.xcassets */,
				6EAB4B7A23578E730054443F /* Info.plist */,
			);
			path = Resources;
			sourceTree = "<group>";
		};
		6EAB4B842357A76B0054443F /* Stores */ = {
			isa = PBXGroup;
			children = (
				6E6827202357D944000150BE /* PostStore.swift */,
			);
			path = Stores;
			sourceTree = "<group>";
		};
/* End PBXGroup section */

/* Begin PBXNativeTarget section */
		6EAB4B6623578E700054443F /* reddit-client */ = {
			isa = PBXNativeTarget;
			buildConfigurationList = 6EAB4B7D23578E730054443F /* Build configuration list for PBXNativeTarget "reddit-client" */;
			buildPhases = (
				6EAB4B6323578E700054443F /* Sources */,
				6EAB4B6423578E700054443F /* Frameworks */,
				6EAB4B6523578E700054443F /* Resources */,
			);
			buildRules = (
			);
			dependencies = (
			);
			name = "reddit-client";
			productName = "reddit-client";
			productReference = 6EAB4B6723578E700054443F /* reddit-client.app */;
			productType = "com.apple.product-type.application";
		};
/* End PBXNativeTarget section */

/* Begin PBXProject section */
		6EAB4B5F23578E700054443F /* Project object */ = {
			isa = PBXProject;
			attributes = {
				LastSwiftUpdateCheck = 1110;
				LastUpgradeCheck = 1110;
				ORGANIZATIONNAME = "Pablo Epíscopo";
				TargetAttributes = {
					6EAB4B6623578E700054443F = {
						CreatedOnToolsVersion = 11.1;
					};
				};
			};
			buildConfigurationList = 6EAB4B6223578E700054443F /* Build configuration list for PBXProject "reddit-client" */;
			compatibilityVersion = "Xcode 9.3";
			developmentRegion = en;
			hasScannedForEncodings = 0;
			knownRegions = (
				en,
				Base,
			);
			mainGroup = 6EAB4B5E23578E6F0054443F;
			productRefGroup = 6EAB4B6823578E700054443F /* Products */;
			projectDirPath = "";
			projectRoot = "";
			targets = (
				6EAB4B6623578E700054443F /* reddit-client */,
			);
		};
/* End PBXProject section */

/* Begin PBXResourcesBuildPhase section */
		6EAB4B6523578E700054443F /* Resources */ = {
			isa = PBXResourcesBuildPhase;
			buildActionMask = 2147483647;
			files = (
				6EAB4B7923578E730054443F /* LaunchScreen.storyboard in Resources */,
				6EAB4B7623578E730054443F /* Assets.xcassets in Resources */,
				6EAB4B7423578E700054443F /* Main.storyboard in Resources */,
				6E68271D2357D3CE000150BE /* PostCell.xib in Resources */,
			);
			runOnlyForDeploymentPostprocessing = 0;
		};
/* End PBXResourcesBuildPhase section */

/* Begin PBXSourcesBuildPhase section */
		6EAB4B6323578E700054443F /* Sources */ = {
			isa = PBXSourcesBuildPhase;
			buildActionMask = 2147483647;
			files = (
				6E6827262358D566000150BE /* URLSession+Additions.swift in Sources */,
				6E6827242358D27A000150BE /* RedditServiceAPI.swift in Sources */,
				6E6827182357D2AF000150BE /* Post.swift in Sources */,
				6EAB4B6B23578E700054443F /* AppDelegate.swift in Sources */,
				6EAB4B6F23578E700054443F /* MasterViewController.swift in Sources */,
				6EAB4B7123578E700054443F /* DetailViewController.swift in Sources */,
				6E682728235980C7000150BE /* ImageCacheController.swift in Sources */,
				6E6827212357D944000150BE /* PostStore.swift in Sources */,
				6E6827152357BFBA000150BE /* SplitViewController.swift in Sources */,
				6E68271C2357D3CE000150BE /* PostCell.swift in Sources */,
				6E68272A23598A61000150BE /* Date+Additions.swift in Sources */,
			);
			runOnlyForDeploymentPostprocessing = 0;
		};
/* End PBXSourcesBuildPhase section */

/* Begin PBXVariantGroup section */
		6EAB4B7223578E700054443F /* Main.storyboard */ = {
			isa = PBXVariantGroup;
			children = (
				6EAB4B7323578E700054443F /* Base */,
			);
			name = Main.storyboard;
			sourceTree = "<group>";
		};
		6EAB4B7723578E730054443F /* LaunchScreen.storyboard */ = {
			isa = PBXVariantGroup;
			children = (
				6EAB4B7823578E730054443F /* Base */,
			);
			name = LaunchScreen.storyboard;
			sourceTree = "<group>";
		};
/* End PBXVariantGroup section */

/* Begin XCBuildConfiguration section */
		6EAB4B7B23578E730054443F /* Debug */ = {
			isa = XCBuildConfiguration;
			buildSettings = {
				ALWAYS_SEARCH_USER_PATHS = NO;
				CLANG_ANALYZER_NONNULL = YES;
				CLANG_ANALYZER_NUMBER_OBJECT_CONVERSION = YES_AGGRESSIVE;
				CLANG_CXX_LANGUAGE_STANDARD = "gnu++14";
				CLANG_CXX_LIBRARY = "libc++";
				CLANG_ENABLE_MODULES = YES;
				CLANG_ENABLE_OBJC_ARC = YES;
				CLANG_ENABLE_OBJC_WEAK = YES;
				CLANG_WARN_BLOCK_CAPTURE_AUTORELEASING = YES;
				CLANG_WARN_BOOL_CONVERSION = YES;
				CLANG_WARN_COMMA = YES;
				CLANG_WARN_CONSTANT_CONVERSION = YES;
				CLANG_WARN_DEPRECATED_OBJC_IMPLEMENTATIONS = YES;
				CLANG_WARN_DIRECT_OBJC_ISA_USAGE = YES_ERROR;
				CLANG_WARN_DOCUMENTATION_COMMENTS = YES;
				CLANG_WARN_EMPTY_BODY = YES;
				CLANG_WARN_ENUM_CONVERSION = YES;
				CLANG_WARN_INFINITE_RECURSION = YES;
				CLANG_WARN_INT_CONVERSION = YES;
				CLANG_WARN_NON_LITERAL_NULL_CONVERSION = YES;
				CLANG_WARN_OBJC_IMPLICIT_RETAIN_SELF = YES;
				CLANG_WARN_OBJC_LITERAL_CONVERSION = YES;
				CLANG_WARN_OBJC_ROOT_CLASS = YES_ERROR;
				CLANG_WARN_RANGE_LOOP_ANALYSIS = YES;
				CLANG_WARN_STRICT_PROTOTYPES = YES;
				CLANG_WARN_SUSPICIOUS_MOVE = YES;
				CLANG_WARN_UNGUARDED_AVAILABILITY = YES_AGGRESSIVE;
				CLANG_WARN_UNREACHABLE_CODE = YES;
				CLANG_WARN__DUPLICATE_METHOD_MATCH = YES;
				COPY_PHASE_STRIP = NO;
				DEBUG_INFORMATION_FORMAT = dwarf;
				ENABLE_STRICT_OBJC_MSGSEND = YES;
				ENABLE_TESTABILITY = YES;
				GCC_C_LANGUAGE_STANDARD = gnu11;
				GCC_DYNAMIC_NO_PIC = NO;
				GCC_NO_COMMON_BLOCKS = YES;
				GCC_OPTIMIZATION_LEVEL = 0;
				GCC_PREPROCESSOR_DEFINITIONS = (
					"DEBUG=1",
					"$(inherited)",
				);
				GCC_WARN_64_TO_32_BIT_CONVERSION = YES;
				GCC_WARN_ABOUT_RETURN_TYPE = YES_ERROR;
				GCC_WARN_UNDECLARED_SELECTOR = YES;
				GCC_WARN_UNINITIALIZED_AUTOS = YES_AGGRESSIVE;
				GCC_WARN_UNUSED_FUNCTION = YES;
				GCC_WARN_UNUSED_VARIABLE = YES;
				IPHONEOS_DEPLOYMENT_TARGET = 11.0;
				MTL_ENABLE_DEBUG_INFO = INCLUDE_SOURCE;
				MTL_FAST_MATH = YES;
				ONLY_ACTIVE_ARCH = YES;
				SDKROOT = iphoneos;
				SWIFT_ACTIVE_COMPILATION_CONDITIONS = DEBUG;
				SWIFT_OPTIMIZATION_LEVEL = "-Onone";
			};
			name = Debug;
		};
		6EAB4B7C23578E730054443F /* Release */ = {
			isa = XCBuildConfiguration;
			buildSettings = {
				ALWAYS_SEARCH_USER_PATHS = NO;
				CLANG_ANALYZER_NONNULL = YES;
				CLANG_ANALYZER_NUMBER_OBJECT_CONVERSION = YES_AGGRESSIVE;
				CLANG_CXX_LANGUAGE_STANDARD = "gnu++14";
				CLANG_CXX_LIBRARY = "libc++";
				CLANG_ENABLE_MODULES = YES;
				CLANG_ENABLE_OBJC_ARC = YES;
				CLANG_ENABLE_OBJC_WEAK = YES;
				CLANG_WARN_BLOCK_CAPTURE_AUTORELEASING = YES;
				CLANG_WARN_BOOL_CONVERSION = YES;
				CLANG_WARN_COMMA = YES;
				CLANG_WARN_CONSTANT_CONVERSION = YES;
				CLANG_WARN_DEPRECATED_OBJC_IMPLEMENTATIONS = YES;
				CLANG_WARN_DIRECT_OBJC_ISA_USAGE = YES_ERROR;
				CLANG_WARN_DOCUMENTATION_COMMENTS = YES;
				CLANG_WARN_EMPTY_BODY = YES;
				CLANG_WARN_ENUM_CONVERSION = YES;
				CLANG_WARN_INFINITE_RECURSION = YES;
				CLANG_WARN_INT_CONVERSION = YES;
				CLANG_WARN_NON_LITERAL_NULL_CONVERSION = YES;
				CLANG_WARN_OBJC_IMPLICIT_RETAIN_SELF = YES;
				CLANG_WARN_OBJC_LITERAL_CONVERSION = YES;
				CLANG_WARN_OBJC_ROOT_CLASS = YES_ERROR;
				CLANG_WARN_RANGE_LOOP_ANALYSIS = YES;
				CLANG_WARN_STRICT_PROTOTYPES = YES;
				CLANG_WARN_SUSPICIOUS_MOVE = YES;
				CLANG_WARN_UNGUARDED_AVAILABILITY = YES_AGGRESSIVE;
				CLANG_WARN_UNREACHABLE_CODE = YES;
				CLANG_WARN__DUPLICATE_METHOD_MATCH = YES;
				COPY_PHASE_STRIP = NO;
				DEBUG_INFORMATION_FORMAT = "dwarf-with-dsym";
				ENABLE_NS_ASSERTIONS = NO;
				ENABLE_STRICT_OBJC_MSGSEND = YES;
				GCC_C_LANGUAGE_STANDARD = gnu11;
				GCC_NO_COMMON_BLOCKS = YES;
				GCC_WARN_64_TO_32_BIT_CONVERSION = YES;
				GCC_WARN_ABOUT_RETURN_TYPE = YES_ERROR;
				GCC_WARN_UNDECLARED_SELECTOR = YES;
				GCC_WARN_UNINITIALIZED_AUTOS = YES_AGGRESSIVE;
				GCC_WARN_UNUSED_FUNCTION = YES;
				GCC_WARN_UNUSED_VARIABLE = YES;
				IPHONEOS_DEPLOYMENT_TARGET = 11.0;
				MTL_ENABLE_DEBUG_INFO = NO;
				MTL_FAST_MATH = YES;
				SDKROOT = iphoneos;
				SWIFT_COMPILATION_MODE = wholemodule;
				SWIFT_OPTIMIZATION_LEVEL = "-O";
				VALIDATE_PRODUCT = YES;
			};
			name = Release;
		};
		6EAB4B7E23578E730054443F /* Debug */ = {
			isa = XCBuildConfiguration;
			buildSettings = {
				ASSETCATALOG_COMPILER_APPICON_NAME = AppIcon;
				CODE_SIGN_STYLE = Automatic;
				DEVELOPMENT_TEAM = 6VCHDS2F27;
				INFOPLIST_FILE = "reddit-client/Resources/Info.plist";
				IPHONEOS_DEPLOYMENT_TARGET = 11.0;
				LD_RUNPATH_SEARCH_PATHS = (
					"$(inherited)",
					"@executable_path/Frameworks",
				);
				PRODUCT_BUNDLE_IDENTIFIER = "com.deviget.reddit-client";
				PRODUCT_NAME = "$(TARGET_NAME)";
				SWIFT_VERSION = 5.0;
				TARGETED_DEVICE_FAMILY = "1,2";
			};
			name = Debug;
		};
		6EAB4B7F23578E730054443F /* Release */ = {
			isa = XCBuildConfiguration;
			buildSettings = {
				ASSETCATALOG_COMPILER_APPICON_NAME = AppIcon;
				CODE_SIGN_STYLE = Automatic;
				DEVELOPMENT_TEAM = 6VCHDS2F27;
				INFOPLIST_FILE = "reddit-client/Resources/Info.plist";
				IPHONEOS_DEPLOYMENT_TARGET = 11.0;
				LD_RUNPATH_SEARCH_PATHS = (
					"$(inherited)",
					"@executable_path/Frameworks",
				);
				PRODUCT_BUNDLE_IDENTIFIER = "com.deviget.reddit-client";
				PRODUCT_NAME = "$(TARGET_NAME)";
				SWIFT_VERSION = 5.0;
				TARGETED_DEVICE_FAMILY = "1,2";
			};
			name = Release;
		};
/* End XCBuildConfiguration section */

/* Begin XCConfigurationList section */
		6EAB4B6223578E700054443F /* Build configuration list for PBXProject "reddit-client" */ = {
			isa = XCConfigurationList;
			buildConfigurations = (
				6EAB4B7B23578E730054443F /* Debug */,
				6EAB4B7C23578E730054443F /* Release */,
			);
			defaultConfigurationIsVisible = 0;
			defaultConfigurationName = Release;
		};
		6EAB4B7D23578E730054443F /* Build configuration list for PBXNativeTarget "reddit-client" */ = {
			isa = XCConfigurationList;
			buildConfigurations = (
				6EAB4B7E23578E730054443F /* Debug */,
				6EAB4B7F23578E730054443F /* Release */,
			);
			defaultConfigurationIsVisible = 0;
			defaultConfigurationName = Release;
		};
/* End XCConfigurationList section */
	};
	rootObject = 6EAB4B5F23578E700054443F /* Project object */;
}
